
Microsoft Visual Studio Solution File, Format Version 12.00
# Visual Studio Version 17
VisualStudioVersion = 17.9.34723.18
MinimumVisualStudioVersion = 10.0.40219.1
Project("{8BC9CEB8-8B4A-11D0-8D11-00A0C91BC942}") = "2024_04_16", "2024_04_16\2024_04_16.vcxproj", "{A67772B9-69B4-45F9-AF0A-8E16F05754CC}"
EndProject
Global
	GlobalSection(SolutionConfigurationPlatforms) = preSolution
		Debug|x64 = Debug|x64
		Debug|x86 = Debug|x86
		Release|x64 = Release|x64
		Release|x86 = Release|x86
	EndGlobalSection
	GlobalSection(ProjectConfigurationPlatforms) = postSolution
		{A67772B9-69B4-45F9-AF0A-8E16F05754CC}.Debug|x64.ActiveCfg = Debug|x64
		{A67772B9-69B4-45F9-AF0A-8E16F05754CC}.Debug|x64.Build.0 = Debug|x64
		{A67772B9-69B4-45F9-AF0A-8E16F05754CC}.Debug|x86.ActiveCfg = Debug|Win32
		{A67772B9-69B4-45F9-AF0A-8E16F05754CC}.Debug|x86.Build.0 = Debug|Win32
		{A67772B9-69B4-45F9-AF0A-8E16F05754CC}.Release|x64.ActiveCfg = Release|x64
		{A67772B9-69B4-45F9-AF0A-8E16F05754CC}.Release|x64.Build.0 = Release|x64
		{A67772B9-69B4-45F9-AF0A-8E16F05754CC}.Release|x86.ActiveCfg = Release|Win32
		{A67772B9-69B4-45F9-AF0A-8E16F05754CC}.Release|x86.Build.0 = Release|Win32
	EndGlobalSection
	GlobalSection(SolutionProperties) = preSolution
		HideSolutionNode = FALSE
	EndGlobalSection
	GlobalSection(ExtensibilityGlobals) = postSolution
		SolutionGuid = {09E77963-F2EE-461D-8995-8969E42FEDDF}
	EndGlobalSection
EndGlobal
